// !$*UTF8*$!
{
	archiveVersion = 1;
	classes = {
	};
	objectVersion = 55;
	objects = {

/* Begin PBXBuildFile section */
		9016294727174E12006DD20A /* AppDelegate.swift in Sources */ = {isa = PBXBuildFile; fileRef = 9016294627174E12006DD20A /* AppDelegate.swift */; };
		9016294927174E12006DD20A /* SceneDelegate.swift in Sources */ = {isa = PBXBuildFile; fileRef = 9016294827174E12006DD20A /* SceneDelegate.swift */; };
		9016294B27174E12006DD20A /* MatchViewController.swift in Sources */ = {isa = PBXBuildFile; fileRef = 9016294A27174E12006DD20A /* MatchViewController.swift */; };
		9016294E27174E12006DD20A /* Match.storyboard in Resources */ = {isa = PBXBuildFile; fileRef = 9016294C27174E12006DD20A /* Match.storyboard */; };
		9016295027174E13006DD20A /* Assets.xcassets in Resources */ = {isa = PBXBuildFile; fileRef = 9016294F27174E13006DD20A /* Assets.xcassets */; };
		9016295327174E13006DD20A /* LaunchScreen.storyboard in Resources */ = {isa = PBXBuildFile; fileRef = 9016295127174E13006DD20A /* LaunchScreen.storyboard */; };
		9016295B27174F2D006DD20A /* DiceLogic.swift in Sources */ = {isa = PBXBuildFile; fileRef = 9016295A27174F2D006DD20A /* DiceLogic.swift */; };
		9016295E27175432006DD20A /* UserData.swift in Sources */ = {isa = PBXBuildFile; fileRef = 9016295D27175432006DD20A /* UserData.swift */; };
		9016296227198A22006DD20A /* Search.storyboard in Resources */ = {isa = PBXBuildFile; fileRef = 9016296127198A22006DD20A /* Search.storyboard */; };
		9016296427198A41006DD20A /* SearchListViewController.swift in Sources */ = {isa = PBXBuildFile; fileRef = 9016296327198A41006DD20A /* SearchListViewController.swift */; };
		9016296627198F23006DD20A /* SearchListViewCell.swift in Sources */ = {isa = PBXBuildFile; fileRef = 9016296527198F23006DD20A /* SearchListViewCell.swift */; };
/* End PBXBuildFile section */

/* Begin PBXFileReference section */
		9016294327174E12006DD20A /* MyDice.app */ = {isa = PBXFileReference; explicitFileType = wrapper.application; includeInIndex = 0; path = MyDice.app; sourceTree = BUILT_PRODUCTS_DIR; };
		9016294627174E12006DD20A /* AppDelegate.swift */ = {isa = PBXFileReference; lastKnownFileType = sourcecode.swift; path = AppDelegate.swift; sourceTree = "<group>"; };
		9016294827174E12006DD20A /* SceneDelegate.swift */ = {isa = PBXFileReference; lastKnownFileType = sourcecode.swift; path = SceneDelegate.swift; sourceTree = "<group>"; };
		9016294A27174E12006DD20A /* MatchViewController.swift */ = {isa = PBXFileReference; lastKnownFileType = sourcecode.swift; path = MatchViewController.swift; sourceTree = "<group>"; };
		9016294D27174E12006DD20A /* Base */ = {isa = PBXFileReference; lastKnownFileType = file.storyboard; name = Base; path = Base.lproj/Match.storyboard; sourceTree = "<group>"; };
		9016294F27174E13006DD20A /* Assets.xcassets */ = {isa = PBXFileReference; lastKnownFileType = folder.assetcatalog; path = Assets.xcassets; sourceTree = "<group>"; };
		9016295227174E13006DD20A /* Base */ = {isa = PBXFileReference; lastKnownFileType = file.storyboard; name = Base; path = Base.lproj/LaunchScreen.storyboard; sourceTree = "<group>"; };
		9016295427174E13006DD20A /* Info.plist */ = {isa = PBXFileReference; lastKnownFileType = text.plist.xml; path = Info.plist; sourceTree = "<group>"; };
		9016295A27174F2D006DD20A /* DiceLogic.swift */ = {isa = PBXFileReference; lastKnownFileType = sourcecode.swift; path = DiceLogic.swift; sourceTree = "<group>"; };
		9016295D27175432006DD20A /* UserData.swift */ = {isa = PBXFileReference; lastKnownFileType = sourcecode.swift; path = UserData.swift; sourceTree = "<group>"; };
		9016296127198A22006DD20A /* Search.storyboard */ = {isa = PBXFileReference; lastKnownFileType = file.storyboard; path = Search.storyboard; sourceTree = "<group>"; };
		9016296327198A41006DD20A /* SearchListViewController.swift */ = {isa = PBXFileReference; lastKnownFileType = sourcecode.swift; path = SearchListViewController.swift; sourceTree = "<group>"; };
		9016296527198F23006DD20A /* SearchListViewCell.swift */ = {isa = PBXFileReference; lastKnownFileType = sourcecode.swift; path = SearchListViewCell.swift; sourceTree = "<group>"; };
/* End PBXFileReference section */

/* Begin PBXFrameworksBuildPhase section */
		9016294027174E12006DD20A /* Frameworks */ = {
			isa = PBXFrameworksBuildPhase;
			buildActionMask = 2147483647;
			files = (
			);
			runOnlyForDeploymentPostprocessing = 0;
		};
/* End PBXFrameworksBuildPhase section */

/* Begin PBXGroup section */
		9016293A27174E12006DD20A = {
			isa = PBXGroup;
			children = (
				9016294527174E12006DD20A /* MyDice */,
				9016294427174E12006DD20A /* Products */,
			);
			sourceTree = "<group>";
		};
		9016294427174E12006DD20A /* Products */ = {
			isa = PBXGroup;
			children = (
				9016294327174E12006DD20A /* MyDice.app */,
			);
			name = Products;
			sourceTree = "<group>";
		};
		9016294527174E12006DD20A /* MyDice */ = {
			isa = PBXGroup;
			children = (
				9016294627174E12006DD20A /* AppDelegate.swift */,
				9016294827174E12006DD20A /* SceneDelegate.swift */,
				9016295F27177EB1006DD20A /* Controller */,
				9016295C27175425006DD20A /* Model */,
				9016296027177EB9006DD20A /* View */,
				9016294F27174E13006DD20A /* Assets.xcassets */,
				9016295127174E13006DD20A /* LaunchScreen.storyboard */,
				9016295427174E13006DD20A /* Info.plist */,
			);
			path = MyDice;
			sourceTree = "<group>";
		};
		9016295C27175425006DD20A /* Model */ = {
			isa = PBXGroup;
			children = (
				9016295A27174F2D006DD20A /* DiceLogic.swift */,
				9016295D27175432006DD20A /* UserData.swift */,
			);
			path = Model;
			sourceTree = "<group>";
		};
		9016295F27177EB1006DD20A /* Controller */ = {
			isa = PBXGroup;
			children = (
				9016294A27174E12006DD20A /* MatchViewController.swift */,
				9016296327198A41006DD20A /* SearchListViewController.swift */,
			);
			path = Controller;
			sourceTree = "<group>";
		};
		9016296027177EB9006DD20A /* View */ = {
			isa = PBXGroup;
			children = (
				9016294C27174E12006DD20A /* Match.storyboard */,
				9016296127198A22006DD20A /* Search.storyboard */,
				9016296527198F23006DD20A /* SearchListViewCell.swift */,
			);
			path = View;
			sourceTree = "<group>";
		};
/* End PBXGroup section */

/* Begin PBXNativeTarget section */
		9016294227174E12006DD20A /* MyDice */ = {
			isa = PBXNativeTarget;
			buildConfigurationList = 9016295727174E13006DD20A /* Build configuration list for PBXNativeTarget "MyDice" */;
			buildPhases = (
				9016293F27174E12006DD20A /* Sources */,
				9016294027174E12006DD20A /* Frameworks */,
				9016294127174E12006DD20A /* Resources */,
			);
			buildRules = (
			);
			dependencies = (
			);
			name = MyDice;
			productName = MyDice;
			productReference = 9016294327174E12006DD20A /* MyDice.app */;
			productType = "com.apple.product-type.application";
		};
/* End PBXNativeTarget section */

/* Begin PBXProject section */
		9016293B27174E12006DD20A /* Project object */ = {
			isa = PBXProject;
			attributes = {
				BuildIndependentTargetsInParallel = 1;
				LastSwiftUpdateCheck = 1300;
				LastUpgradeCheck = 1300;
				TargetAttributes = {
					9016294227174E12006DD20A = {
						CreatedOnToolsVersion = 13.0;
					};
				};
			};
			buildConfigurationList = 9016293E27174E12006DD20A /* Build configuration list for PBXProject "MyDice" */;
			compatibilityVersion = "Xcode 13.0";
			developmentRegion = en;
			hasScannedForEncodings = 0;
			knownRegions = (
				en,
				Base,
			);
			mainGroup = 9016293A27174E12006DD20A;
			productRefGroup = 9016294427174E12006DD20A /* Products */;
			projectDirPath = "";
			projectRoot = "";
			targets = (
				9016294227174E12006DD20A /* MyDice */,
			);
		};
/* End PBXProject section */

/* Begin PBXResourcesBuildPhase section */
		9016294127174E12006DD20A /* Resources */ = {
			isa = PBXResourcesBuildPhase;
			buildActionMask = 2147483647;
			files = (
				9016295327174E13006DD20A /* LaunchScreen.storyboard in Resources */,
				9016295027174E13006DD20A /* Assets.xcassets in Resources */,
				9016296227198A22006DD20A /* Search.storyboard in Resources */,
				9016294E27174E12006DD20A /* Match.storyboard in Resources */,
			);
			runOnlyForDeploymentPostprocessing = 0;
		};
/* End PBXResourcesBuildPhase section */

/* Begin PBXSourcesBuildPhase section */
		9016293F27174E12006DD20A /* Sources */ = {
			isa = PBXSourcesBuildPhase;
			buildActionMask = 2147483647;
			files = (
				9016296427198A41006DD20A /* SearchListViewController.swift in Sources */,
				9016294B27174E12006DD20A /* MatchViewController.swift in Sources */,
				9016294727174E12006DD20A /* AppDelegate.swift in Sources */,
				9016296627198F23006DD20A /* SearchListViewCell.swift in Sources */,
				9016295B27174F2D006DD20A /* DiceLogic.swift in Sources */,
				9016295E27175432006DD20A /* UserData.swift in Sources */,
				9016294927174E12006DD20A /* SceneDelegate.swift in Sources */,
			);
			runOnlyForDeploymentPostprocessing = 0;
		};
/* End PBXSourcesBuildPhase section */

/* Begin PBXVariantGroup section */
		9016294C27174E12006DD20A /* Match.storyboard */ = {
			isa = PBXVariantGroup;
			children = (
				9016294D27174E12006DD20A /* Base */,
			);
			name = Match.storyboard;
			sourceTree = "<group>";
		};
		9016295127174E13006DD20A /* LaunchScreen.storyboard */ = {
			isa = PBXVariantGroup;
			children = (
				9016295227174E13006DD20A /* Base */,
			);
			name = LaunchScreen.storyboard;
			sourceTree = "<group>";
		};
/* End PBXVariantGroup section */

/* Begin XCBuildConfiguration section */
		9016295527174E13006DD20A /* Debug */ = {
			isa = XCBuildConfiguration;
			buildSettings = {
				ALWAYS_SEARCH_USER_PATHS = NO;
				CLANG_ANALYZER_NONNULL = YES;
				CLANG_ANALYZER_NUMBER_OBJECT_CONVERSION = YES_AGGRESSIVE;
				CLANG_CXX_LANGUAGE_STANDARD = "gnu++17";
				CLANG_CXX_LIBRARY = "libc++";
				CLANG_ENABLE_MODULES = YES;
				CLANG_ENABLE_OBJC_ARC = YES;
				CLANG_ENABLE_OBJC_WEAK = YES;
				CLANG_WARN_BLOCK_CAPTURE_AUTORELEASING = YES;
				CLANG_WARN_BOOL_CONVERSION = YES;
				CLANG_WARN_COMMA = YES;
				CLANG_WARN_CONSTANT_CONVERSION = YES;
				CLANG_WARN_DEPRECATED_OBJC_IMPLEMENTATIONS = YES;
				CLANG_WARN_DIRECT_OBJC_ISA_USAGE = YES_ERROR;
				CLANG_WARN_DOCUMENTATION_COMMENTS = YES;
				CLANG_WARN_EMPTY_BODY = YES;
				CLANG_WARN_ENUM_CONVERSION = YES;
				CLANG_WARN_INFINITE_RECURSION = YES;
				CLANG_WARN_INT_CONVERSION = YES;
				CLANG_WARN_NON_LITERAL_NULL_CONVERSION = YES;
				CLANG_WARN_OBJC_IMPLICIT_RETAIN_SELF = YES;
				CLANG_WARN_OBJC_LITERAL_CONVERSION = YES;
				CLANG_WARN_OBJC_ROOT_CLASS = YES_ERROR;
				CLANG_WARN_QUOTED_INCLUDE_IN_FRAMEWORK_HEADER = YES;
				CLANG_WARN_RANGE_LOOP_ANALYSIS = YES;
				CLANG_WARN_STRICT_PROTOTYPES = YES;
				CLANG_WARN_SUSPICIOUS_MOVE = YES;
				CLANG_WARN_UNGUARDED_AVAILABILITY = YES_AGGRESSIVE;
				CLANG_WARN_UNREACHABLE_CODE = YES;
				CLANG_WARN__DUPLICATE_METHOD_MATCH = YES;
				COPY_PHASE_STRIP = NO;
				DEBUG_INFORMATION_FORMAT = dwarf;
				ENABLE_STRICT_OBJC_MSGSEND = YES;
				ENABLE_TESTABILITY = YES;
				GCC_C_LANGUAGE_STANDARD = gnu11;
				GCC_DYNAMIC_NO_PIC = NO;
				GCC_NO_COMMON_BLOCKS = YES;
				GCC_OPTIMIZATION_LEVEL = 0;
				GCC_PREPROCESSOR_DEFINITIONS = (
					"DEBUG=1",
					"$(inherited)",
				);
				GCC_WARN_64_TO_32_BIT_CONVERSION = YES;
				GCC_WARN_ABOUT_RETURN_TYPE = YES_ERROR;
				GCC_WARN_UNDECLARED_SELECTOR = YES;
				GCC_WARN_UNINITIALIZED_AUTOS = YES_AGGRESSIVE;
				GCC_WARN_UNUSED_FUNCTION = YES;
				GCC_WARN_UNUSED_VARIABLE = YES;
				IPHONEOS_DEPLOYMENT_TARGET = 15.0;
				MTL_ENABLE_DEBUG_INFO = INCLUDE_SOURCE;
				MTL_FAST_MATH = YES;
				ONLY_ACTIVE_ARCH = YES;
				SDKROOT = iphoneos;
				SWIFT_ACTIVE_COMPILATION_CONDITIONS = DEBUG;
				SWIFT_OPTIMIZATION_LEVEL = "-Onone";
			};
			name = Debug;
		};
		9016295627174E13006DD20A /* Release */ = {
			isa = XCBuildConfiguration;
			buildSettings = {
				ALWAYS_SEARCH_USER_PATHS = NO;
				CLANG_ANALYZER_NONNULL = YES;
				CLANG_ANALYZER_NUMBER_OBJECT_CONVERSION = YES_AGGRESSIVE;
				CLANG_CXX_LANGUAGE_STANDARD = "gnu++17";
				CLANG_CXX_LIBRARY = "libc++";
				CLANG_ENABLE_MODULES = YES;
				CLANG_ENABLE_OBJC_ARC = YES;
				CLANG_ENABLE_OBJC_WEAK = YES;
				CLANG_WARN_BLOCK_CAPTURE_AUTORELEASING = YES;
				CLANG_WARN_BOOL_CONVERSION = YES;
				CLANG_WARN_COMMA = YES;
				CLANG_WARN_CONSTANT_CONVERSION = YES;
				CLANG_WARN_DEPRECATED_OBJC_IMPLEMENTATIONS = YES;
				CLANG_WARN_DIRECT_OBJC_ISA_USAGE = YES_ERROR;
				CLANG_WARN_DOCUMENTATION_COMMENTS = YES;
				CLANG_WARN_EMPTY_BODY = YES;
				CLANG_WARN_ENUM_CONVERSION = YES;
				CLANG_WARN_INFINITE_RECURSION = YES;
				CLANG_WARN_INT_CONVERSION = YES;
				CLANG_WARN_NON_LITERAL_NULL_CONVERSION = YES;
				CLANG_WARN_OBJC_IMPLICIT_RETAIN_SELF = YES;
				CLANG_WARN_OBJC_LITERAL_CONVERSION = YES;
				CLANG_WARN_OBJC_ROOT_CLASS = YES_ERROR;
				CLANG_WARN_QUOTED_INCLUDE_IN_FRAMEWORK_HEADER = YES;
				CLANG_WARN_RANGE_LOOP_ANALYSIS = YES;
				CLANG_WARN_STRICT_PROTOTYPES = YES;
				CLANG_WARN_SUSPICIOUS_MOVE = YES;
				CLANG_WARN_UNGUARDED_AVAILABILITY = YES_AGGRESSIVE;
				CLANG_WARN_UNREACHABLE_CODE = YES;
				CLANG_WARN__DUPLICATE_METHOD_MATCH = YES;
				COPY_PHASE_STRIP = NO;
				DEBUG_INFORMATION_FORMAT = "dwarf-with-dsym";
				ENABLE_NS_ASSERTIONS = NO;
				ENABLE_STRICT_OBJC_MSGSEND = YES;
				GCC_C_LANGUAGE_STANDARD = gnu11;
				GCC_NO_COMMON_BLOCKS = YES;
				GCC_WARN_64_TO_32_BIT_CONVERSION = YES;
				GCC_WARN_ABOUT_RETURN_TYPE = YES_ERROR;
				GCC_WARN_UNDECLARED_SELECTOR = YES;
				GCC_WARN_UNINITIALIZED_AUTOS = YES_AGGRESSIVE;
				GCC_WARN_UNUSED_FUNCTION = YES;
				GCC_WARN_UNUSED_VARIABLE = YES;
				IPHONEOS_DEPLOYMENT_TARGET = 15.0;
				MTL_ENABLE_DEBUG_INFO = NO;
				MTL_FAST_MATH = YES;
				SDKROOT = iphoneos;
				SWIFT_COMPILATION_MODE = wholemodule;
				SWIFT_OPTIMIZATION_LEVEL = "-O";
				VALIDATE_PRODUCT = YES;
			};
			name = Release;
		};
		9016295827174E13006DD20A /* Debug */ = {
			isa = XCBuildConfiguration;
			buildSettings = {
				ASSETCATALOG_COMPILER_APPICON_NAME = AppIcon;
				ASSETCATALOG_COMPILER_GLOBAL_ACCENT_COLOR_NAME = AccentColor;
				CODE_SIGN_STYLE = Automatic;
				CURRENT_PROJECT_VERSION = 1;
				DEVELOPMENT_TEAM = 54PCB24H6S;
				GENERATE_INFOPLIST_FILE = YES;
				INFOPLIST_FILE = MyDice/Info.plist;
				INFOPLIST_KEY_UIApplicationSupportsIndirectInputEvents = YES;
				INFOPLIST_KEY_UILaunchStoryboardName = LaunchScreen;
				INFOPLIST_KEY_UIMainStoryboardFile = Search;
				INFOPLIST_KEY_UISupportedInterfaceOrientations_iPad = "UIInterfaceOrientationPortrait UIInterfaceOrientationPortraitUpsideDown UIInterfaceOrientationLandscapeLeft UIInterfaceOrientationLandscapeRight";
				INFOPLIST_KEY_UISupportedInterfaceOrientations_iPhone = "UIInterfaceOrientationPortrait UIInterfaceOrientationLandscapeLeft UIInterfaceOrientationLandscapeRight";
				LD_RUNPATH_SEARCH_PATHS = (
					"$(inherited)",
					"@executable_path/Frameworks",
				);
				MARKETING_VERSION = 1.0;
				PRODUCT_BUNDLE_IDENTIFIER = com.suhshin.MyDice;
				PRODUCT_NAME = "$(TARGET_NAME)";
				SWIFT_EMIT_LOC_STRINGS = YES;
				SWIFT_VERSION = 5.0;
				TARGETED_DEVICE_FAMILY = "1,2";
			};
			name = Debug;
		};
		9016295927174E13006DD20A /* Release */ = {
			isa = XCBuildConfiguration;
			buildSettings = {
				ASSETCATALOG_COMPILER_APPICON_NAME = AppIcon;
				ASSETCATALOG_COMPILER_GLOBAL_ACCENT_COLOR_NAME = AccentColor;
				CODE_SIGN_STYLE = Automatic;
				CURRENT_PROJECT_VERSION = 1;
				DEVELOPMENT_TEAM = 54PCB24H6S;
				GENERATE_INFOPLIST_FILE = YES;
				INFOPLIST_FILE = MyDice/Info.plist;
				INFOPLIST_KEY_UIApplicationSupportsIndirectInputEvents = YES;
				INFOPLIST_KEY_UILaunchStoryboardName = LaunchScreen;
				INFOPLIST_KEY_UIMainStoryboardFile = Search;
				INFOPLIST_KEY_UISupportedInterfaceOrientations_iPad = "UIInterfaceOrientationPortrait UIInterfaceOrientationPortraitUpsideDown UIInterfaceOrientationLandscapeLeft UIInterfaceOrientationLandscapeRight";
				INFOPLIST_KEY_UISupportedInterfaceOrientations_iPhone = "UIInterfaceOrientationPortrait UIInterfaceOrientationLandscapeLeft UIInterfaceOrientationLandscapeRight";
				LD_RUNPATH_SEARCH_PATHS = (
					"$(inherited)",
					"@executable_path/Frameworks",
				);
				MARKETING_VERSION = 1.0;
				PRODUCT_BUNDLE_IDENTIFIER = com.suhshin.MyDice;
				PRODUCT_NAME = "$(TARGET_NAME)";
				SWIFT_EMIT_LOC_STRINGS = YES;
				SWIFT_VERSION = 5.0;
				TARGETED_DEVICE_FAMILY = "1,2";
			};
			name = Release;
		};
/* End XCBuildConfiguration section */

/* Begin XCConfigurationList section */
		9016293E27174E12006DD20A /* Build configuration list for PBXProject "MyDice" */ = {
			isa = XCConfigurationList;
			buildConfigurations = (
				9016295527174E13006DD20A /* Debug */,
				9016295627174E13006DD20A /* Release */,
			);
			defaultConfigurationIsVisible = 0;
			defaultConfigurationName = Release;
		};
		9016295727174E13006DD20A /* Build configuration list for PBXNativeTarget "MyDice" */ = {
			isa = XCConfigurationList;
			buildConfigurations = (
				9016295827174E13006DD20A /* Debug */,
				9016295927174E13006DD20A /* Release */,
			);
			defaultConfigurationIsVisible = 0;
			defaultConfigurationName = Release;
		};
/* End XCConfigurationList section */
	};
	rootObject = 9016293B27174E12006DD20A /* Project object */;
}
